
Microsoft Visual Studio Solution File, Format Version 12.00
# Visual Studio 15
VisualStudioVersion = 15.0.28307.757
MinimumVisualStudioVersion = 10.0.40219.1
Project("{FAE04EC0-301F-11D3-BF4B-00C04F79EFBC}") = "Project_online", "Project_online\Project_online.csproj", "{A7BD0C14-F939-454C-A63D-34DED244802E}"
EndProject
Global
	GlobalSection(SolutionConfigurationPlatforms) = preSolution
		Debug|Any CPU = Debug|Any CPU
		Release|Any CPU = Release|Any CPU
	EndGlobalSection
	GlobalSection(ProjectConfigurationPlatforms) = postSolution
		{A7BD0C14-F939-454C-A63D-34DED244802E}.Debug|Any CPU.ActiveCfg = Debug|Any CPU
		{A7BD0C14-F939-454C-A63D-34DED244802E}.Debug|Any CPU.Build.0 = Debug|Any CPU
		{A7BD0C14-F939-454C-A63D-34DED244802E}.Release|Any CPU.ActiveCfg = Release|Any CPU
		{A7BD0C14-F939-454C-A63D-34DED244802E}.Release|Any CPU.Build.0 = Release|Any CPU
	EndGlobalSection
	GlobalSection(SolutionProperties) = preSolution
		HideSolutionNode = FALSE
	EndGlobalSection
	GlobalSection(ExtensibilityGlobals) = postSolution
		SolutionGuid = {213C224C-A541-48EF-98D5-4AC4B51C103D}
	EndGlobalSection
EndGlobal
